
Microsoft Visual Studio Solution File, Format Version 12.00
# Visual Studio Version 16
VisualStudioVersion = 16.0.31729.503
MinimumVisualStudioVersion = 10.0.40219.1
Project("{FAE04EC0-301F-11D3-BF4B-00C04F79EFBC}") = "TestProject", "TestProject.csproj", "{6C4D76BC-2C3C-4887-8D09-7BF7AC776D20}"
EndProject
Global
	GlobalSection(SolutionConfigurationPlatforms) = preSolution
		Debug|Any CPU = Debug|Any CPU
		Release|Any CPU = Release|Any CPU
	EndGlobalSection
	GlobalSection(ProjectConfigurationPlatforms) = postSolution
		{6C4D76BC-2C3C-4887-8D09-7BF7AC776D20}.Debug|Any CPU.ActiveCfg = Debug|Any CPU
		{6C4D76BC-2C3C-4887-8D09-7BF7AC776D20}.Debug|Any CPU.Build.0 = Debug|Any CPU
		{6C4D76BC-2C3C-4887-8D09-7BF7AC776D20}.Release|Any CPU.ActiveCfg = Release|Any CPU
		{6C4D76BC-2C3C-4887-8D09-7BF7AC776D20}.Release|Any CPU.Build.0 = Release|Any CPU
	EndGlobalSection
	GlobalSection(SolutionProperties) = preSolution
		HideSolutionNode = FALSE
	EndGlobalSection
	GlobalSection(ExtensibilityGlobals) = postSolution
		SolutionGuid = {AEBF955B-43A1-4A8F-AC9C-C9DBDCF3A3E0}
	EndGlobalSection
EndGlobal
